
Microsoft Visual Studio Solution File, Format Version 12.00
# Visual Studio Version 16
VisualStudioVersion = 16.0.31911.196
MinimumVisualStudioVersion = 10.0.40219.1
Project("{FAE04EC0-301F-11D3-BF4B-00C04F79EFBC}") = "InterviewApp.Android", "InterviewApp\InterviewApp.Android\InterviewApp.Android.csproj", "{4F72E3AD-D024-4E53-953D-0785723C69EA}"
EndProject
Project("{FAE04EC0-301F-11D3-BF4B-00C04F79EFBC}") = "InterviewApp.iOS", "InterviewApp\InterviewApp.iOS\InterviewApp.iOS.csproj", "{62DF424E-DF8A-464E-A4E4-911F5A597D9E}"
EndProject
Project("{9A19103F-16F7-4668-BE54-9A1E7A4F7556}") = "InterviewApp", "InterviewApp\InterviewApp\InterviewApp.csproj", "{272C3418-C064-4458-A6F9-1B6015EFBDC1}"
EndProject
Project("{9A19103F-16F7-4668-BE54-9A1E7A4F7556}") = "InterviewApp.Advanced", "InterviewApp.Advanced\InterviewApp.Advanced.csproj", "{E1AE931A-276C-4BB8-9058-69EA906B345E}"
EndProject
Project("{9A19103F-16F7-4668-BE54-9A1E7A4F7556}") = "InterviewApp.Basic", "InterviewApp.Basic\InterviewApp.Basic.csproj", "{A4190561-8B2C-4018-8E92-541F2F8DC31C}"
EndProject
Project("{2150E333-8FDC-42A3-9474-1A3956D46DE8}") = "Libraries", "Libraries", "{C3889318-67BA-4573-B78A-44A113F2EDD2}"
EndProject
Global
	GlobalSection(SolutionConfigurationPlatforms) = preSolution
		Debug|Any CPU = Debug|Any CPU
		Debug|iPhone = Debug|iPhone
		Debug|iPhoneSimulator = Debug|iPhoneSimulator
		Release|Any CPU = Release|Any CPU
		Release|iPhone = Release|iPhone
		Release|iPhoneSimulator = Release|iPhoneSimulator
	EndGlobalSection
	GlobalSection(ProjectConfigurationPlatforms) = postSolution
		{4F72E3AD-D024-4E53-953D-0785723C69EA}.Debug|Any CPU.ActiveCfg = Debug|Any CPU
		{4F72E3AD-D024-4E53-953D-0785723C69EA}.Debug|Any CPU.Build.0 = Debug|Any CPU
		{4F72E3AD-D024-4E53-953D-0785723C69EA}.Debug|Any CPU.Deploy.0 = Debug|Any CPU
		{4F72E3AD-D024-4E53-953D-0785723C69EA}.Debug|iPhone.ActiveCfg = Debug|Any CPU
		{4F72E3AD-D024-4E53-953D-0785723C69EA}.Debug|iPhone.Build.0 = Debug|Any CPU
		{4F72E3AD-D024-4E53-953D-0785723C69EA}.Debug|iPhone.Deploy.0 = Debug|Any CPU
		{4F72E3AD-D024-4E53-953D-0785723C69EA}.Debug|iPhoneSimulator.ActiveCfg = Debug|Any CPU
		{4F72E3AD-D024-4E53-953D-0785723C69EA}.Debug|iPhoneSimulator.Build.0 = Debug|Any CPU
		{4F72E3AD-D024-4E53-953D-0785723C69EA}.Debug|iPhoneSimulator.Deploy.0 = Debug|Any CPU
		{4F72E3AD-D024-4E53-953D-0785723C69EA}.Release|Any CPU.ActiveCfg = Release|Any CPU
		{4F72E3AD-D024-4E53-953D-0785723C69EA}.Release|Any CPU.Build.0 = Release|Any CPU
		{4F72E3AD-D024-4E53-953D-0785723C69EA}.Release|Any CPU.Deploy.0 = Release|Any CPU
		{4F72E3AD-D024-4E53-953D-0785723C69EA}.Release|iPhone.ActiveCfg = Release|Any CPU
		{4F72E3AD-D024-4E53-953D-0785723C69EA}.Release|iPhone.Build.0 = Release|Any CPU
		{4F72E3AD-D024-4E53-953D-0785723C69EA}.Release|iPhone.Deploy.0 = Release|Any CPU
		{4F72E3AD-D024-4E53-953D-0785723C69EA}.Release|iPhoneSimulator.ActiveCfg = Release|Any CPU
		{4F72E3AD-D024-4E53-953D-0785723C69EA}.Release|iPhoneSimulator.Build.0 = Release|Any CPU
		{4F72E3AD-D024-4E53-953D-0785723C69EA}.Release|iPhoneSimulator.Deploy.0 = Release|Any CPU
		{62DF424E-DF8A-464E-A4E4-911F5A597D9E}.Debug|Any CPU.ActiveCfg = Debug|iPhone
		{62DF424E-DF8A-464E-A4E4-911F5A597D9E}.Debug|Any CPU.Build.0 = Debug|iPhone
		{62DF424E-DF8A-464E-A4E4-911F5A597D9E}.Debug|Any CPU.Deploy.0 = Debug|iPhone
		{62DF424E-DF8A-464E-A4E4-911F5A597D9E}.Debug|iPhone.ActiveCfg = Debug|iPhone
		{62DF424E-DF8A-464E-A4E4-911F5A597D9E}.Debug|iPhone.Build.0 = Debug|iPhone
		{62DF424E-DF8A-464E-A4E4-911F5A597D9E}.Debug|iPhone.Deploy.0 = Debug|iPhone
		{62DF424E-DF8A-464E-A4E4-911F5A597D9E}.Debug|iPhoneSimulator.ActiveCfg = Debug|iPhoneSimulator
		{62DF424E-DF8A-464E-A4E4-911F5A597D9E}.Debug|iPhoneSimulator.Build.0 = Debug|iPhoneSimulator
		{62DF424E-DF8A-464E-A4E4-911F5A597D9E}.Debug|iPhoneSimulator.Deploy.0 = Debug|iPhoneSimulator
		{62DF424E-DF8A-464E-A4E4-911F5A597D9E}.Release|Any CPU.ActiveCfg = Release|iPhoneSimulator
		{62DF424E-DF8A-464E-A4E4-911F5A597D9E}.Release|Any CPU.Build.0 = Release|iPhoneSimulator
		{62DF424E-DF8A-464E-A4E4-911F5A597D9E}.Release|Any CPU.Deploy.0 = Release|iPhoneSimulator
		{62DF424E-DF8A-464E-A4E4-911F5A597D9E}.Release|iPhone.ActiveCfg = Release|iPhone
		{62DF424E-DF8A-464E-A4E4-911F5A597D9E}.Release|iPhone.Build.0 = Release|iPhone
		{62DF424E-DF8A-464E-A4E4-911F5A597D9E}.Release|iPhone.Deploy.0 = Release|iPhone
		{62DF424E-DF8A-464E-A4E4-911F5A597D9E}.Release|iPhoneSimulator.ActiveCfg = Release|iPhoneSimulator
		{62DF424E-DF8A-464E-A4E4-911F5A597D9E}.Release|iPhoneSimulator.Build.0 = Release|iPhoneSimulator
		{62DF424E-DF8A-464E-A4E4-911F5A597D9E}.Release|iPhoneSimulator.Deploy.0 = Release|iPhoneSimulator
		{272C3418-C064-4458-A6F9-1B6015EFBDC1}.Debug|Any CPU.ActiveCfg = Debug|Any CPU
		{272C3418-C064-4458-A6F9-1B6015EFBDC1}.Debug|Any CPU.Build.0 = Debug|Any CPU
		{272C3418-C064-4458-A6F9-1B6015EFBDC1}.Debug|Any CPU.Deploy.0 = Debug|Any CPU
		{272C3418-C064-4458-A6F9-1B6015EFBDC1}.Debug|iPhone.ActiveCfg = Debug|Any CPU
		{272C3418-C064-4458-A6F9-1B6015EFBDC1}.Debug|iPhone.Build.0 = Debug|Any CPU
		{272C3418-C064-4458-A6F9-1B6015EFBDC1}.Debug|iPhone.Deploy.0 = Debug|Any CPU
		{272C3418-C064-4458-A6F9-1B6015EFBDC1}.Debug|iPhoneSimulator.ActiveCfg = Debug|Any CPU
		{272C3418-C064-4458-A6F9-1B6015EFBDC1}.Debug|iPhoneSimulator.Build.0 = Debug|Any CPU
		{272C3418-C064-4458-A6F9-1B6015EFBDC1}.Debug|iPhoneSimulator.Deploy.0 = Debug|Any CPU
		{272C3418-C064-4458-A6F9-1B6015EFBDC1}.Release|Any CPU.ActiveCfg = Release|Any CPU
		{272C3418-C064-4458-A6F9-1B6015EFBDC1}.Release|Any CPU.Build.0 = Release|Any CPU
		{272C3418-C064-4458-A6F9-1B6015EFBDC1}.Release|Any CPU.Deploy.0 = Release|Any CPU
		{272C3418-C064-4458-A6F9-1B6015EFBDC1}.Release|iPhone.ActiveCfg = Release|Any CPU
		{272C3418-C064-4458-A6F9-1B6015EFBDC1}.Release|iPhone.Build.0 = Release|Any CPU
		{272C3418-C064-4458-A6F9-1B6015EFBDC1}.Release|iPhone.Deploy.0 = Release|Any CPU
		{272C3418-C064-4458-A6F9-1B6015EFBDC1}.Release|iPhoneSimulator.ActiveCfg = Release|Any CPU
		{272C3418-C064-4458-A6F9-1B6015EFBDC1}.Release|iPhoneSimulator.Build.0 = Release|Any CPU
		{272C3418-C064-4458-A6F9-1B6015EFBDC1}.Release|iPhoneSimulator.Deploy.0 = Release|Any CPU
		{E1AE931A-276C-4BB8-9058-69EA906B345E}.Debug|Any CPU.ActiveCfg = Debug|Any CPU
		{E1AE931A-276C-4BB8-9058-69EA906B345E}.Debug|Any CPU.Build.0 = Debug|Any CPU
		{E1AE931A-276C-4BB8-9058-69EA906B345E}.Debug|iPhone.ActiveCfg = Debug|Any CPU
		{E1AE931A-276C-4BB8-9058-69EA906B345E}.Debug|iPhone.Build.0 = Debug|Any CPU
		{E1AE931A-276C-4BB8-9058-69EA906B345E}.Debug|iPhoneSimulator.ActiveCfg = Debug|Any CPU
		{E1AE931A-276C-4BB8-9058-69EA906B345E}.Debug|iPhoneSimulator.Build.0 = Debug|Any CPU
		{E1AE931A-276C-4BB8-9058-69EA906B345E}.Release|Any CPU.ActiveCfg = Release|Any CPU
		{E1AE931A-276C-4BB8-9058-69EA906B345E}.Release|Any CPU.Build.0 = Release|Any CPU
		{E1AE931A-276C-4BB8-9058-69EA906B345E}.Release|iPhone.ActiveCfg = Release|Any CPU
		{E1AE931A-276C-4BB8-9058-69EA906B345E}.Release|iPhone.Build.0 = Release|Any CPU
		{E1AE931A-276C-4BB8-9058-69EA906B345E}.Release|iPhoneSimulator.ActiveCfg = Release|Any CPU
		{E1AE931A-276C-4BB8-9058-69EA906B345E}.Release|iPhoneSimulator.Build.0 = Release|Any CPU
		{A4190561-8B2C-4018-8E92-541F2F8DC31C}.Debug|Any CPU.ActiveCfg = Debug|Any CPU
		{A4190561-8B2C-4018-8E92-541F2F8DC31C}.Debug|Any CPU.Build.0 = Debug|Any CPU
		{A4190561-8B2C-4018-8E92-541F2F8DC31C}.Debug|iPhone.ActiveCfg = Debug|Any CPU
		{A4190561-8B2C-4018-8E92-541F2F8DC31C}.Debug|iPhone.Build.0 = Debug|Any CPU
		{A4190561-8B2C-4018-8E92-541F2F8DC31C}.Debug|iPhoneSimulator.ActiveCfg = Debug|Any CPU
		{A4190561-8B2C-4018-8E92-541F2F8DC31C}.Debug|iPhoneSimulator.Build.0 = Debug|Any CPU
		{A4190561-8B2C-4018-8E92-541F2F8DC31C}.Release|Any CPU.ActiveCfg = Release|Any CPU
		{A4190561-8B2C-4018-8E92-541F2F8DC31C}.Release|Any CPU.Build.0 = Release|Any CPU
		{A4190561-8B2C-4018-8E92-541F2F8DC31C}.Release|iPhone.ActiveCfg = Release|Any CPU
		{A4190561-8B2C-4018-8E92-541F2F8DC31C}.Release|iPhone.Build.0 = Release|Any CPU
		{A4190561-8B2C-4018-8E92-541F2F8DC31C}.Release|iPhoneSimulator.ActiveCfg = Release|Any CPU
		{A4190561-8B2C-4018-8E92-541F2F8DC31C}.Release|iPhoneSimulator.Build.0 = Release|Any CPU
	EndGlobalSection
	GlobalSection(SolutionProperties) = preSolution
		HideSolutionNode = FALSE
	EndGlobalSection
	GlobalSection(NestedProjects) = preSolution
		{E1AE931A-276C-4BB8-9058-69EA906B345E} = {C3889318-67BA-4573-B78A-44A113F2EDD2}
		{A4190561-8B2C-4018-8E92-541F2F8DC31C} = {C3889318-67BA-4573-B78A-44A113F2EDD2}
	EndGlobalSection
	GlobalSection(ExtensibilityGlobals) = postSolution
		SolutionGuid = {E67327B5-822B-49F7-8BFE-9079FB092245}
	EndGlobalSection
EndGlobal
